{
  "requires": true,
  "lockfileVersion": 1,
  "dependencies": {
    "acorn": {
      "version": "5.6.2",
      "resolved": "http://registry.npm.taobao.org/acorn/download/acorn-5.6.2.tgz",
      "integrity": "sha1-sdode+KsG0oyf7nquFFwLFBFtOc="
    },
    "ansi-regex": {
      "version": "2.1.1",
      "resolved": "http://registry.npm.taobao.org/ansi-regex/download/ansi-regex-2.1.1.tgz",
      "integrity": "sha1-w7M6te42DYbg5ijwRorn7yfWVN8="
    },
    "ansi-styles": {
      "version": "2.2.1",
      "resolved": "http://registry.npm.taobao.org/ansi-styles/download/ansi-styles-2.2.1.tgz",
      "integrity": "sha1-tDLdM1i2NM914eRmQ2gkBTPB3b4="
    },
    "ast-types": {
      "version": "0.9.6",
      "resolved": "http://registry.npm.taobao.org/ast-types/download/ast-types-0.9.6.tgz",
      "integrity": "sha1-ECyenpAF0+fjgpvwxPok7oYu6bk="
    },
    "babel-code-frame": {
      "version": "6.26.0",
      "resolved": "http://registry.npm.taobao.org/babel-code-frame/download/babel-code-frame-6.26.0.tgz",
      "integrity": "sha1-Y/1D99weO7fONZR9uP42mj9Yx0s=",
      "requires": {
        "chalk": "1.1.3",
        "esutils": "2.0.2",
        "js-tokens": "3.0.2"
      }
    },
    "babel-core": {
      "version": "6.26.3",
      "resolved": "http://registry.npm.taobao.org/babel-core/download/babel-core-6.26.3.tgz",
      "integrity": "sha1-suLwnjQtDwyI4vAuBneUEl51wgc=",
      "requires": {
        "babel-code-frame": "6.26.0",
        "babel-generator": "6.26.1",
        "babel-helpers": "6.24.1",
        "babel-messages": "6.23.0",
        "babel-register": "6.26.0",
        "babel-runtime": "6.26.0",
        "babel-template": "6.26.0",
        "babel-traverse": "6.26.0",
        "babel-types": "6.26.0",
        "babylon": "6.18.0",
        "convert-source-map": "1.5.1",
        "debug": "2.6.9",
        "json5": "0.5.1",
        "lodash": "4.17.10",
        "minimatch": "3.0.4",
        "path-is-absolute": "1.0.1",
        "private": "0.1.8",
        "slash": "1.0.0",
        "source-map": "0.5.7"
      }
    },
    "babel-generator": {
      "version": "6.26.1",
      "resolved": "http://registry.npm.taobao.org/babel-generator/download/babel-generator-6.26.1.tgz",
      "integrity": "sha1-GERAjTuPDTWkBOp6wYDwh6YBvZA=",
      "requires": {
        "babel-messages": "6.23.0",
        "babel-runtime": "6.26.0",
        "babel-types": "6.26.0",
        "detect-indent": "4.0.0",
        "jsesc": "1.3.0",
        "lodash": "4.17.10",
        "source-map": "0.5.7",
        "trim-right": "1.0.1"
      }
    },
    "babel-helper-define-map": {
      "version": "6.26.0",
      "resolved": "http://registry.npm.taobao.org/babel-helper-define-map/download/babel-helper-define-map-6.26.0.tgz",
      "integrity": "sha1-pfVtq0GiX5fstJjH66ypgZ+Vvl8=",
      "requires": {
        "babel-helper-function-name": "6.24.1",
        "babel-runtime": "6.26.0",
        "babel-types": "6.26.0",
        "lodash": "4.17.10"
      }
    },
    "babel-helper-function-name": {
      "version": "6.24.1",
      "resolved": "http://registry.npm.taobao.org/babel-helper-function-name/download/babel-helper-function-name-6.24.1.tgz",
      "integrity": "sha1-00dbjAPtmCQqJbSDUasYOZ01gKk=",
      "requires": {
        "babel-helper-get-function-arity": "6.24.1",
        "babel-runtime": "6.26.0",
        "babel-template": "6.26.0",
        "babel-traverse": "6.26.0",
        "babel-types": "6.26.0"
      }
    },
    "babel-helper-get-function-arity": {
      "version": "6.24.1",
      "resolved": "http://registry.npm.taobao.org/babel-helper-get-function-arity/download/babel-helper-get-function-arity-6.24.1.tgz",
      "integrity": "sha1-j3eCqpNAfEHTqlCQj4mwMbG2hT0=",
      "requires": {
        "babel-runtime": "6.26.0",
        "babel-types": "6.26.0"
      }
    },
    "babel-helper-optimise-call-expression": {
      "version": "6.24.1",
      "resolved": "http://registry.npm.taobao.org/babel-helper-optimise-call-expression/download/babel-helper-optimise-call-expression-6.24.1.tgz",
      "integrity": "sha1-96E0J7qfc/j0+pk8VKl4gtEkQlc=",
      "requires": {
        "babel-runtime": "6.26.0",
        "babel-types": "6.26.0"
      }
    },
    "babel-helper-replace-supers": {
      "version": "6.24.1",
      "resolved": "http://registry.npm.taobao.org/babel-helper-replace-supers/download/babel-helper-replace-supers-6.24.1.tgz",
      "integrity": "sha1-v22/5Dk40XNpohPKiov3S2qQqxo=",
      "requires": {
        "babel-helper-optimise-call-expression": "6.24.1",
        "babel-messages": "6.23.0",
        "babel-runtime": "6.26.0",
        "babel-template": "6.26.0",
        "babel-traverse": "6.26.0",
        "babel-types": "6.26.0"
      }
    },
    "babel-helpers": {
      "version": "6.24.1",
      "resolved": "http://registry.npm.taobao.org/babel-helpers/download/babel-helpers-6.24.1.tgz",
      "integrity": "sha1-NHHenK7DiOXIUOWX5Yom3fN2ArI=",
      "requires": {
        "babel-runtime": "6.26.0",
        "babel-template": "6.26.0"
      }
    },
    "babel-messages": {
      "version": "6.23.0",
      "resolved": "http://registry.npm.taobao.org/babel-messages/download/babel-messages-6.23.0.tgz",
      "integrity": "sha1-8830cDhYA1sqKVHG7F7fbGLyYw4=",
      "requires": {
        "babel-runtime": "6.26.0"
      }
    },
    "babel-plugin-syntax-async-functions": {
      "version": "6.13.0",
      "resolved": "http://registry.npm.taobao.org/babel-plugin-syntax-async-functions/download/babel-plugin-syntax-async-functions-6.13.0.tgz",
      "integrity": "sha1-ytnK0RkbWtY0vzCuCHI5HgZHvpU="
    },
    "babel-plugin-syntax-async-generators": {
      "version": "6.13.0",
      "resolved": "http://registry.npm.taobao.org/babel-plugin-syntax-async-generators/download/babel-plugin-syntax-async-generators-6.13.0.tgz",
      "integrity": "sha1-a8lj67FuzLrmuStZbrfzXDQqi5o="
    },
    "babel-plugin-transform-es2015-arrow-functions": {
      "version": "6.22.0",
      "resolved": "http://registry.npm.taobao.org/babel-plugin-transform-es2015-arrow-functions/download/babel-plugin-transform-es2015-arrow-functions-6.22.0.tgz",
      "integrity": "sha1-RSaSy3EdX3ncf4XkQM5BufJE0iE=",
      "requires": {
        "babel-runtime": "6.26.0"
      }
    },
    "babel-plugin-transform-es2015-block-scoping": {
      "version": "6.26.0",
      "resolved": "http://registry.npm.taobao.org/babel-plugin-transform-es2015-block-scoping/download/babel-plugin-transform-es2015-block-scoping-6.26.0.tgz",
      "integrity": "sha1-1w9SmcEwjQXBL0Y4E7CgnnOxiV8=",
      "requires": {
        "babel-runtime": "6.26.0",
        "babel-template": "6.26.0",
        "babel-traverse": "6.26.0",
        "babel-types": "6.26.0",
        "lodash": "4.17.10"
      }
    },
    "babel-plugin-transform-es2015-classes": {
      "version": "6.24.1",
      "resolved": "http://registry.npm.taobao.org/babel-plugin-transform-es2015-classes/download/babel-plugin-transform-es2015-classes-6.24.1.tgz",
      "integrity": "sha1-WkxYpQyclGHlZLSyo7+ryXolhNs=",
      "requires": {
        "babel-helper-define-map": "6.26.0",
        "babel-helper-function-name": "6.24.1",
        "babel-helper-optimise-call-expression": "6.24.1",
        "babel-helper-replace-supers": "6.24.1",
        "babel-messages": "6.23.0",
        "babel-runtime": "6.26.0",
        "babel-template": "6.26.0",
        "babel-traverse": "6.26.0",
        "babel-types": "6.26.0"
      }
    },
    "babel-plugin-transform-es2015-for-of": {
      "version": "6.23.0",
      "resolved": "http://registry.npm.taobao.org/babel-plugin-transform-es2015-for-of/download/babel-plugin-transform-es2015-for-of-6.23.0.tgz",
      "integrity": "sha1-9HyVsrYT3x0+zC/bdXNiPHUkhpE=",
      "requires": {
        "babel-runtime": "6.26.0"
      }
    },
    "babel-register": {
      "version": "6.26.0",
      "resolved": "http://registry.npm.taobao.org/babel-register/download/babel-register-6.26.0.tgz",
      "integrity": "sha1-btAhFz4vy0htestFxgCahW9kcHE=",
      "requires": {
        "babel-core": "6.26.3",
        "babel-runtime": "6.26.0",
        "core-js": "2.5.7",
        "home-or-tmp": "2.0.0",
        "lodash": "4.17.10",
        "mkdirp": "0.5.1",
        "source-map-support": "0.4.18"
      }
    },
    "babel-runtime": {
      "version": "6.26.0",
      "resolved": "http://registry.npm.taobao.org/babel-runtime/download/babel-runtime-6.26.0.tgz",
      "integrity": "sha1-llxwWGaOgrVde/4E/yM3vItWR/4=",
      "requires": {
        "core-js": "2.5.7",
        "regenerator-runtime": "0.11.1"
      }
    },
    "babel-template": {
      "version": "6.26.0",
      "resolved": "http://registry.npm.taobao.org/babel-template/download/babel-template-6.26.0.tgz",
      "integrity": "sha1-3gPi0WOWsGn0bdn/+FIfsaDjXgI=",
      "requires": {
        "babel-runtime": "6.26.0",
        "babel-traverse": "6.26.0",
        "babel-types": "6.26.0",
        "babylon": "6.18.0",
        "lodash": "4.17.10"
      }
    },
    "babel-traverse": {
      "version": "6.26.0",
      "resolved": "http://registry.npm.taobao.org/babel-traverse/download/babel-traverse-6.26.0.tgz",
      "integrity": "sha1-RqnL1+3MYsjlwGTi0tjQ9ANXZu4=",
      "requires": {
        "babel-code-frame": "6.26.0",
        "babel-messages": "6.23.0",
        "babel-runtime": "6.26.0",
        "babel-types": "6.26.0",
        "babylon": "6.18.0",
        "debug": "2.6.9",
        "globals": "9.18.0",
        "invariant": "2.2.4",
        "lodash": "4.17.10"
      }
    },
    "babel-types": {
      "version": "6.26.0",
      "resolved": "http://registry.npm.taobao.org/babel-types/download/babel-types-6.26.0.tgz",
      "integrity": "sha1-o7Bz+Uq0nrb6Vc1lInozQ4BjJJc=",
      "requires": {
        "babel-runtime": "6.26.0",
        "esutils": "2.0.2",
        "lodash": "4.17.10",
        "to-fast-properties": "1.0.3"
      }
    },
    "babylon": {
      "version": "6.18.0",
      "resolved": "http://registry.npm.taobao.org/babylon/download/babylon-6.18.0.tgz",
      "integrity": "sha1-ry87iPpvXB5MY00aD46sT1WzleM="
    },
    "balanced-match": {
      "version": "1.0.0",
      "resolved": "http://registry.npm.taobao.org/balanced-match/download/balanced-match-1.0.0.tgz",
      "integrity": "sha1-ibTRmasr7kneFk6gK4nORi1xt2c="
    },
    "brace-expansion": {
      "version": "1.1.11",
      "resolved": "http://registry.npm.taobao.org/brace-expansion/download/brace-expansion-1.1.11.tgz",
      "integrity": "sha1-PH/L9SnYcibz0vUrlm/1Jx60Qd0=",
      "requires": {
        "balanced-match": "1.0.0",
        "concat-map": "0.0.1"
      }
    },
    "chalk": {
      "version": "1.1.3",
      "resolved": "http://registry.npm.taobao.org/chalk/download/chalk-1.1.3.tgz",
      "integrity": "sha1-qBFcVeSnAv5NFQq9OHKCKn4J/Jg=",
      "requires": {
        "ansi-styles": "2.2.1",
        "escape-string-regexp": "1.0.5",
        "has-ansi": "2.0.0",
        "strip-ansi": "3.0.1",
        "supports-color": "2.0.0"
      }
    },
    "commander": {
      "version": "2.15.1",
      "resolved": "http://registry.npm.taobao.org/commander/download/commander-2.15.1.tgz",
      "integrity": "sha1-30boZ9D8Kuxmo0ZitAapzK//Ww8="
    },
    "commoner": {
      "version": "0.10.8",
      "resolved": "http://registry.npm.taobao.org/commoner/download/commoner-0.10.8.tgz",
      "integrity": "sha1-NPw2cs0kOT6LtH5wyqApOBH08sU=",
      "requires": {
        "commander": "2.15.1",
        "detective": "4.7.1",
        "glob": "5.0.15",
        "graceful-fs": "4.1.11",
        "iconv-lite": "0.4.23",
        "mkdirp": "0.5.1",
        "private": "0.1.8",
        "q": "1.5.1",
        "recast": "0.11.23"
      }
    },
    "concat-map": {
      "version": "0.0.1",
      "resolved": "http://registry.npm.taobao.org/concat-map/download/concat-map-0.0.1.tgz",
      "integrity": "sha1-2Klr13/Wjfd5OnMDajug1UBdR3s="
    },
    "convert-source-map": {
      "version": "1.5.1",
      "resolved": "http://registry.npm.taobao.org/convert-source-map/download/convert-source-map-1.5.1.tgz",
      "integrity": "sha1-uCeAl7m8IpNl3lxiz1/K7YtVmeU="
    },
    "core-js": {
      "version": "2.5.7",
      "resolved": "http://registry.npm.taobao.org/core-js/download/core-js-2.5.7.tgz",
      "integrity": "sha1-+XJgj/DOrWi4QaFqky0LGDeRgU4="
    },
    "debug": {
      "version": "2.6.9",
      "resolved": "http://registry.npm.taobao.org/debug/download/debug-2.6.9.tgz",
      "integrity": "sha1-XRKFFd8TT/Mn6QpMk/Tgd6U2NB8=",
      "requires": {
        "ms": "2.0.0"
      }
    },
    "defined": {
      "version": "1.0.0",
      "resolved": "http://registry.npm.taobao.org/defined/download/defined-1.0.0.tgz",
      "integrity": "sha1-yY2bzvdWdBiOEQlpFRGZ45sfppM="
    },
    "detect-indent": {
      "version": "4.0.0",
      "resolved": "http://registry.npm.taobao.org/detect-indent/download/detect-indent-4.0.0.tgz",
      "integrity": "sha1-920GQ1LN9Docts5hnE7jqUdd4gg=",
      "requires": {
        "repeating": "2.0.1"
      }
    },
    "detective": {
      "version": "4.7.1",
      "resolved": "http://registry.npm.taobao.org/detective/download/detective-4.7.1.tgz",
      "integrity": "sha1-DspzFDOEQv67bWXaVMELscgrJG4=",
      "requires": {
        "acorn": "5.6.2",
        "defined": "1.0.0"
      }
    },
    "escape-string-regexp": {
      "version": "1.0.5",
      "resolved": "http://registry.npm.taobao.org/escape-string-regexp/download/escape-string-regexp-1.0.5.tgz",
      "integrity": "sha1-G2HAViGQqN/2rjuyzwIAyhMLhtQ="
    },
    "esprima": {
      "version": "3.1.3",
      "resolved": "http://registry.npm.taobao.org/esprima/download/esprima-3.1.3.tgz",
      "integrity": "sha1-/cpRzuYTOJXjyI1TXOSdv/YqRjM="
    },
    "esutils": {
      "version": "2.0.2",
      "resolved": "http://registry.npm.taobao.org/esutils/download/esutils-2.0.2.tgz",
      "integrity": "sha1-Cr9PHKpbyx96nYrMbepPqqBLrJs="
    },
    "glob": {
      "version": "5.0.15",
      "resolved": "http://registry.npm.taobao.org/glob/download/glob-5.0.15.tgz",
      "integrity": "sha1-G8k2ueAvSmA/zCIuz3Yz0wuLk7E=",
      "requires": {
        "inflight": "1.0.6",
        "inherits": "2.0.3",
        "minimatch": "3.0.4",
        "once": "1.4.0",
        "path-is-absolute": "1.0.1"
      }
    },
    "globals": {
      "version": "9.18.0",
      "resolved": "http://registry.npm.taobao.org/globals/download/globals-9.18.0.tgz",
      "integrity": "sha1-qjiWs+abSH8X4x7SFD1pqOMMLYo="
    },
    "graceful-fs": {
      "version": "4.1.11",
      "resolved": "http://registry.npm.taobao.org/graceful-fs/download/graceful-fs-4.1.11.tgz",
      "integrity": "sha1-Dovf5NHduIVNZOBOp8AOKgJuVlg="
    },
    "has-ansi": {
      "version": "2.0.0",
      "resolved": "http://registry.npm.taobao.org/has-ansi/download/has-ansi-2.0.0.tgz",
      "integrity": "sha1-NPUEnOHs3ysGSa8+8k5F7TVBbZE=",
      "requires": {
        "ansi-regex": "2.1.1"
      }
    },
    "home-or-tmp": {
      "version": "2.0.0",
      "resolved": "http://registry.npm.taobao.org/home-or-tmp/download/home-or-tmp-2.0.0.tgz",
      "integrity": "sha1-42w/LSyufXRqhX440Y1fMqeILbg=",
      "requires": {
        "os-homedir": "1.0.2",
        "os-tmpdir": "1.0.2"
      }
    },
    "iconv-lite": {
      "version": "0.4.23",
      "resolved": "http://registry.npm.taobao.org/iconv-lite/download/iconv-lite-0.4.23.tgz",
      "integrity": "sha1-KXhx9jvlB63Pv8pxXQzQ7thOmmM=",
      "requires": {
        "safer-buffer": "2.1.2"
      }
    },
    "inflight": {
      "version": "1.0.6",
      "resolved": "http://registry.npm.taobao.org/inflight/download/inflight-1.0.6.tgz",
      "integrity": "sha1-Sb1jMdfQLQwJvJEKEHW6gWW1bfk=",
      "requires": {
        "once": "1.4.0",
        "wrappy": "1.0.2"
      }
    },
    "inherits": {
      "version": "2.0.3",
      "resolved": "http://registry.npm.taobao.org/inherits/download/inherits-2.0.3.tgz",
      "integrity": "sha1-Yzwsg+PaQqUC9SRmAiSA9CCCYd4="
    },
    "invariant": {
      "version": "2.2.4",
      "resolved": "http://registry.npm.taobao.org/invariant/download/invariant-2.2.4.tgz",
      "integrity": "sha1-YQ88ksk1nOHbYW5TgAjSP/NRWOY=",
      "requires": {
        "loose-envify": "1.3.1"
      }
    },
    "is-finite": {
      "version": "1.0.2",
      "resolved": "http://registry.npm.taobao.org/is-finite/download/is-finite-1.0.2.tgz",
      "integrity": "sha1-zGZ3aVYCvlUO8R6LSqYwU0K20Ko=",
      "requires": {
        "number-is-nan": "1.0.1"
      }
    },
    "js-tokens": {
      "version": "3.0.2",
      "resolved": "http://registry.npm.taobao.org/js-tokens/download/js-tokens-3.0.2.tgz",
      "integrity": "sha1-mGbfOVECEw449/mWvOtlRDIJwls="
    },
    "jsesc": {
      "version": "1.3.0",
      "resolved": "http://registry.npm.taobao.org/jsesc/download/jsesc-1.3.0.tgz",
      "integrity": "sha1-RsP+yMGJKxKwgz25vHYiF226s0s="
    },
    "json5": {
      "version": "0.5.1",
      "resolved": "http://registry.npm.taobao.org/json5/download/json5-0.5.1.tgz",
      "integrity": "sha1-Hq3nrMASA0rYTiOWdn6tn6VJWCE="
    },
    "lodash": {
      "version": "4.17.10",
      "resolved": "http://registry.npm.taobao.org/lodash/download/lodash-4.17.10.tgz",
      "integrity": "sha1-G3eTz3JZ6jj7NmHU04syYK+K5Oc="
    },
    "loose-envify": {
      "version": "1.3.1",
      "resolved": "http://registry.npm.taobao.org/loose-envify/download/loose-envify-1.3.1.tgz",
      "integrity": "sha1-0aitM/qc4OcT1l/dCsi3SNR4yEg=",
      "requires": {
        "js-tokens": "3.0.2"
      }
    },
    "minimatch": {
      "version": "3.0.4",
      "resolved": "http://registry.npm.taobao.org/minimatch/download/minimatch-3.0.4.tgz",
      "integrity": "sha1-UWbihkV/AzBgZL5Ul+jbsMPTIIM=",
      "requires": {
        "brace-expansion": "1.1.11"
      }
    },
    "minimist": {
      "version": "0.0.8",
      "resolved": "http://registry.npm.taobao.org/minimist/download/minimist-0.0.8.tgz",
      "integrity": "sha1-hX/Kv8M5fSYluCKCYuhqp6ARsF0="
    },
    "mkdirp": {
      "version": "0.5.1",
      "resolved": "http://registry.npm.taobao.org/mkdirp/download/mkdirp-0.5.1.tgz",
      "integrity": "sha1-MAV0OOrGz3+MR2fzhkjWaX11yQM=",
      "requires": {
        "minimist": "0.0.8"
      }
    },
    "ms": {
      "version": "2.0.0",
      "resolved": "http://registry.npm.taobao.org/ms/download/ms-2.0.0.tgz",
      "integrity": "sha1-VgiurfwAvmwpAd9fmGF4jeDVl8g="
    },
    "number-is-nan": {
      "version": "1.0.1",
      "resolved": "http://registry.npm.taobao.org/number-is-nan/download/number-is-nan-1.0.1.tgz",
      "integrity": "sha1-CXtgK1NCKlIsGvuHkDGDNpQaAR0="
    },
    "once": {
      "version": "1.4.0",
      "resolved": "http://registry.npm.taobao.org/once/download/once-1.4.0.tgz",
      "integrity": "sha1-WDsap3WWHUsROsF9nFC6753Xa9E=",
      "requires": {
        "wrappy": "1.0.2"
      }
    },
    "os-homedir": {
      "version": "1.0.2",
      "resolved": "http://registry.npm.taobao.org/os-homedir/download/os-homedir-1.0.2.tgz",
      "integrity": "sha1-/7xJiDNuDoM94MFox+8VISGqf7M="
    },
    "os-tmpdir": {
      "version": "1.0.2",
      "resolved": "http://registry.npm.taobao.org/os-tmpdir/download/os-tmpdir-1.0.2.tgz",
      "integrity": "sha1-u+Z0BseaqFxc/sdm/lc0VV36EnQ="
    },
    "path-is-absolute": {
      "version": "1.0.1",
      "resolved": "http://registry.npm.taobao.org/path-is-absolute/download/path-is-absolute-1.0.1.tgz",
      "integrity": "sha1-F0uSaHNVNP+8es5r9TpanhtcX18="
    },
    "private": {
      "version": "0.1.8",
      "resolved": "http://registry.npm.taobao.org/private/download/private-0.1.8.tgz",
      "integrity": "sha1-I4Hts2ifelPWUxkAYPz4ItLzaP8="
    },
    "q": {
      "version": "1.5.1",
      "resolved": "http://registry.npm.taobao.org/q/download/q-1.5.1.tgz",
      "integrity": "sha1-fjL3W0E4EpHQRhHxvxQQmsAGUdc="
    },
    "recast": {
      "version": "0.11.23",
      "resolved": "http://registry.npm.taobao.org/recast/download/recast-0.11.23.tgz",
      "integrity": "sha1-RR/TAEqx5N+bTktmN2sqIZEkYtM=",
      "requires": {
        "ast-types": "0.9.6",
        "esprima": "3.1.3",
        "private": "0.1.8",
        "source-map": "0.5.7"
      }
    },
    "regenerator": {
      "version": "0.12.4",
      "resolved": "http://registry.npm.taobao.org/regenerator/download/regenerator-0.12.4.tgz",
      "integrity": "sha1-8hId0EiCJCYXuoUxCxT8RsVU6RU=",
      "requires": {
        "babel-core": "6.26.3",
        "babel-plugin-syntax-async-functions": "6.13.0",
        "babel-plugin-syntax-async-generators": "6.13.0",
        "babel-plugin-transform-es2015-arrow-functions": "6.22.0",
        "babel-plugin-transform-es2015-block-scoping": "6.26.0",
        "babel-plugin-transform-es2015-classes": "6.24.1",
        "babel-plugin-transform-es2015-for-of": "6.23.0",
        "babel-runtime": "6.26.0",
        "babel-types": "6.26.0",
        "commoner": "0.10.8",
        "private": "0.1.8",
        "recast": "0.11.23",
        "regenerator-preset": "0.11.6",
        "regenerator-runtime": "0.11.1",
        "regenerator-transform": "0.12.4",
        "through": "2.3.8"
      }
    },
    "regenerator-preset": {
      "version": "0.11.6",
      "resolved": "http://registry.npm.taobao.org/regenerator-preset/download/regenerator-preset-0.11.6.tgz",
      "integrity": "sha1-000gOStDJD89jPUUjwiqN1G+7uQ=",
      "requires": {
        "babel-plugin-syntax-async-functions": "6.13.0",
        "babel-plugin-syntax-async-generators": "6.13.0",
        "babel-plugin-transform-es2015-arrow-functions": "6.22.0",
        "babel-plugin-transform-es2015-block-scoping": "6.26.0",
        "babel-plugin-transform-es2015-classes": "6.24.1",
        "babel-plugin-transform-es2015-for-of": "6.23.0",
        "regenerator-transform": "0.12.4"
      }
    },
    "regenerator-runtime": {
      "version": "0.11.1",
      "resolved": "http://registry.npm.taobao.org/regenerator-runtime/download/regenerator-runtime-0.11.1.tgz",
      "integrity": "sha1-vgWtf5v30i4Fb5cmzuUBf78Z4uk="
    },
    "regenerator-transform": {
      "version": "0.12.4",
      "resolved": "http://registry.npm.taobao.org/regenerator-transform/download/regenerator-transform-0.12.4.tgz",
      "integrity": "sha1-qptsWfS5e+CA6XJQbFYLO8y/z/A=",
      "requires": {
        "private": "0.1.8"
      }
    },
    "repeating": {
      "version": "2.0.1",
      "resolved": "http://registry.npm.taobao.org/repeating/download/repeating-2.0.1.tgz",
      "integrity": "sha1-UhTFOpJtNVJwdSf7q0FdvAjQbdo=",
      "requires": {
        "is-finite": "1.0.2"
      }
    },
    "safer-buffer": {
      "version": "2.1.2",
      "resolved": "http://registry.npm.taobao.org/safer-buffer/download/safer-buffer-2.1.2.tgz",
      "integrity": "sha1-RPoWGwGHuVSd2Eu5GAL5vYOFzWo="
    },
    "slash": {
      "version": "1.0.0",
      "resolved": "http://registry.npm.taobao.org/slash/download/slash-1.0.0.tgz",
      "integrity": "sha1-xB8vbDn8FtHNF61LXYlhFK5HDVU="
    },
    "source-map": {
      "version": "0.5.7",
      "resolved": "http://registry.npm.taobao.org/source-map/download/source-map-0.5.7.tgz",
      "integrity": "sha1-igOdLRAh0i0eoUyA2OpGi6LvP8w="
    },
    "source-map-support": {
      "version": "0.4.18",
      "resolved": "http://registry.npm.taobao.org/source-map-support/download/source-map-support-0.4.18.tgz",
      "integrity": "sha1-Aoam3ovkJkEzhZTpfM6nXwosWF8=",
      "requires": {
        "source-map": "0.5.7"
      }
    },
    "strip-ansi": {
      "version": "3.0.1",
      "resolved": "http://registry.npm.taobao.org/strip-ansi/download/strip-ansi-3.0.1.tgz",
      "integrity": "sha1-ajhfuIU9lS1f8F0Oiq+UJ43GPc8=",
      "requires": {
        "ansi-regex": "2.1.1"
      }
    },
    "supports-color": {
      "version": "2.0.0",
      "resolved": "http://registry.npm.taobao.org/supports-color/download/supports-color-2.0.0.tgz",
      "integrity": "sha1-U10EXOa2Nj+kARcIRimZXp3zJMc="
    },
    "through": {
      "version": "2.3.8",
      "resolved": "http://registry.npm.taobao.org/through/download/through-2.3.8.tgz",
      "integrity": "sha1-DdTJ/6q8NXlgsbckEV1+Doai4fU="
    },
    "to-fast-properties": {
      "version": "1.0.3",
      "resolved": "http://registry.npm.taobao.org/to-fast-properties/download/to-fast-properties-1.0.3.tgz",
      "integrity": "sha1-uDVx+k2MJbguIxsG46MFXeTKGkc="
    },
    "trim-right": {
      "version": "1.0.1",
      "resolved": "http://registry.npm.taobao.org/trim-right/download/trim-right-1.0.1.tgz",
      "integrity": "sha1-yy4SAwZ+DI3h9hQJS5/kVwTqYAM="
    },
    "wrappy": {
      "version": "1.0.2",
      "resolved": "http://registry.npm.taobao.org/wrappy/download/wrappy-1.0.2.tgz",
      "integrity": "sha1-tSQ9jz7BqjXxNkYFvA0QNuMKtp8="
    }
  }
}
